
Microsoft Visual Studio Solution File, Format Version 12.00
# Visual Studio Version 17
VisualStudioVersion = 17.0.31903.59
MinimumVisualStudioVersion = 10.0.40219.1
Project("{FAE04EC0-301F-11D3-BF4B-00C04F79EFBC}") = "DurableFunctionFanOutInExample", "DurableFunctionFanOutInExample.csproj", "{84101819-DBB5-4889-8DCD-61594AE4F3E3}"
EndProject
Global
	GlobalSection(SolutionConfigurationPlatforms) = preSolution
		Debug|Any CPU = Debug|Any CPU
		Release|Any CPU = Release|Any CPU
	EndGlobalSection
	GlobalSection(ProjectConfigurationPlatforms) = postSolution
		{84101819-DBB5-4889-8DCD-61594AE4F3E3}.Debug|Any CPU.ActiveCfg = Debug|Any CPU
		{84101819-DBB5-4889-8DCD-61594AE4F3E3}.Debug|Any CPU.Build.0 = Debug|Any CPU
		{84101819-DBB5-4889-8DCD-61594AE4F3E3}.Release|Any CPU.ActiveCfg = Release|Any CPU
		{84101819-DBB5-4889-8DCD-61594AE4F3E3}.Release|Any CPU.Build.0 = Release|Any CPU
	EndGlobalSection
	GlobalSection(SolutionProperties) = preSolution
		HideSolutionNode = FALSE
	EndGlobalSection
	GlobalSection(ExtensibilityGlobals) = postSolution
		SolutionGuid = {FCBCBBC2-8273-4412-926B-D23EF2C6F499}
	EndGlobalSection
EndGlobal
